
Microsoft Visual Studio Solution File, Format Version 12.00
# Visual Studio Version 16
VisualStudioVersion = 16.0.31410.357
MinimumVisualStudioVersion = 10.0.40219.1
Project("{FAE04EC0-301F-11D3-BF4B-00C04F79EFBC}") = "SplitWise_UI", "SplitWise_UI\SplitWise_UI.csproj", "{AE3CBAAB-71BC-4E21-A089-A08C857887EE}"
EndProject
Global
	GlobalSection(SolutionConfigurationPlatforms) = preSolution
		Debug|Any CPU = Debug|Any CPU
		Release|Any CPU = Release|Any CPU
	EndGlobalSection
	GlobalSection(ProjectConfigurationPlatforms) = postSolution
		{AE3CBAAB-71BC-4E21-A089-A08C857887EE}.Debug|Any CPU.ActiveCfg = Debug|Any CPU
		{AE3CBAAB-71BC-4E21-A089-A08C857887EE}.Debug|Any CPU.Build.0 = Debug|Any CPU
		{AE3CBAAB-71BC-4E21-A089-A08C857887EE}.Release|Any CPU.ActiveCfg = Release|Any CPU
		{AE3CBAAB-71BC-4E21-A089-A08C857887EE}.Release|Any CPU.Build.0 = Release|Any CPU
	EndGlobalSection
	GlobalSection(SolutionProperties) = preSolution
		HideSolutionNode = FALSE
	EndGlobalSection
	GlobalSection(ExtensibilityGlobals) = postSolution
		SolutionGuid = {4D1E15E2-1FE1-4430-97B8-C1AA7BE689EA}
	EndGlobalSection
EndGlobal
